// !$*UTF8*$!
{
	archiveVersion = 1;
	classes = {
	};
	objectVersion = 50;
	objects = {

/* Begin PBXBuildFile section */
		CE2F7B9C21A18F6500D2FBDA /* MainViewController.swift in Sources */ = {isa = PBXBuildFile; fileRef = CE2F7B9121A18F6500D2FBDA /* MainViewController.swift */; };
		CE2F7B9D21A18F6500D2FBDA /* PostViewController.swift in Sources */ = {isa = PBXBuildFile; fileRef = CE2F7B9221A18F6500D2FBDA /* PostViewController.swift */; };
		CE2F7B9E21A18F6500D2FBDA /* Assets.xcassets in Resources */ = {isa = PBXBuildFile; fileRef = CE2F7B9321A18F6500D2FBDA /* Assets.xcassets */; };
		CE2F7B9F21A18F6500D2FBDA /* CustomTableViewCell.swift in Sources */ = {isa = PBXBuildFile; fileRef = CE2F7B9421A18F6500D2FBDA /* CustomTableViewCell.swift */; };
		CE2F7BA021A18F6500D2FBDA /* AppDelegate.swift in Sources */ = {isa = PBXBuildFile; fileRef = CE2F7B9521A18F6500D2FBDA /* AppDelegate.swift */; };
		CE2F7BA121A18F6500D2FBDA /* Post.swift in Sources */ = {isa = PBXBuildFile; fileRef = CE2F7B9621A18F6500D2FBDA /* Post.swift */; };
		CE2F7BA221A18F6500D2FBDA /* ShareViewController.swift in Sources */ = {isa = PBXBuildFile; fileRef = CE2F7B9721A18F6500D2FBDA /* ShareViewController.swift */; };
		CE2F7BA321A18F6500D2FBDA /* DataManager.swift in Sources */ = {isa = PBXBuildFile; fileRef = CE2F7B9821A18F6500D2FBDA /* DataManager.swift */; };
		CE2F7BA421A18F6500D2FBDA /* DataProtocol.swift in Sources */ = {isa = PBXBuildFile; fileRef = CE2F7B9921A18F6500D2FBDA /* DataProtocol.swift */; };
		CE2F7BA521A18F6500D2FBDA /* Base.lproj in Resources */ = {isa = PBXBuildFile; fileRef = CE2F7B9A21A18F6500D2FBDA /* Base.lproj */; };
		CE2F7BA621A18F6500D2FBDA /* Info.plist in Resources */ = {isa = PBXBuildFile; fileRef = CE2F7B9B21A18F6500D2FBDA /* Info.plist */; };
		CE2F7BAA21A18FFC00D2FBDA /* Main.storyboard in Resources */ = {isa = PBXBuildFile; fileRef = CE2F7BA821A18FFC00D2FBDA /* Main.storyboard */; };
/* End PBXBuildFile section */

/* Begin PBXFileReference section */
		7C440CE821887CC500948D09 /* PersistancePart1Lesson.app */ = {isa = PBXFileReference; explicitFileType = wrapper.application; includeInIndex = 0; path = PersistancePart1Lesson.app; sourceTree = BUILT_PRODUCTS_DIR; };
		CE2F7B9021A18F6400D2FBDA /* PersistancePart1Lesson-Bridging-Header.h */ = {isa = PBXFileReference; lastKnownFileType = sourcecode.c.h; path = "PersistancePart1Lesson-Bridging-Header.h"; sourceTree = "<group>"; };
		CE2F7B9121A18F6500D2FBDA /* MainViewController.swift */ = {isa = PBXFileReference; fileEncoding = 4; lastKnownFileType = sourcecode.swift; path = MainViewController.swift; sourceTree = "<group>"; };
		CE2F7B9221A18F6500D2FBDA /* PostViewController.swift */ = {isa = PBXFileReference; fileEncoding = 4; lastKnownFileType = sourcecode.swift; path = PostViewController.swift; sourceTree = "<group>"; };
		CE2F7B9321A18F6500D2FBDA /* Assets.xcassets */ = {isa = PBXFileReference; lastKnownFileType = folder.assetcatalog; path = Assets.xcassets; sourceTree = "<group>"; };
		CE2F7B9421A18F6500D2FBDA /* CustomTableViewCell.swift */ = {isa = PBXFileReference; fileEncoding = 4; lastKnownFileType = sourcecode.swift; path = CustomTableViewCell.swift; sourceTree = "<group>"; };
		CE2F7B9521A18F6500D2FBDA /* AppDelegate.swift */ = {isa = PBXFileReference; fileEncoding = 4; lastKnownFileType = sourcecode.swift; path = AppDelegate.swift; sourceTree = "<group>"; };
		CE2F7B9621A18F6500D2FBDA /* Post.swift */ = {isa = PBXFileReference; fileEncoding = 4; lastKnownFileType = sourcecode.swift; path = Post.swift; sourceTree = "<group>"; };
		CE2F7B9721A18F6500D2FBDA /* ShareViewController.swift */ = {isa = PBXFileReference; fileEncoding = 4; lastKnownFileType = sourcecode.swift; path = ShareViewController.swift; sourceTree = "<group>"; };
		CE2F7B9821A18F6500D2FBDA /* DataManager.swift */ = {isa = PBXFileReference; fileEncoding = 4; lastKnownFileType = sourcecode.swift; path = DataManager.swift; sourceTree = "<group>"; };
		CE2F7B9921A18F6500D2FBDA /* DataProtocol.swift */ = {isa = PBXFileReference; fileEncoding = 4; lastKnownFileType = sourcecode.swift; path = DataProtocol.swift; sourceTree = "<group>"; };
		CE2F7B9A21A18F6500D2FBDA /* Base.lproj */ = {isa = PBXFileReference; lastKnownFileType = folder; path = Base.lproj; sourceTree = "<group>"; };
		CE2F7B9B21A18F6500D2FBDA /* Info.plist */ = {isa = PBXFileReference; fileEncoding = 4; lastKnownFileType = text.plist.xml; path = Info.plist; sourceTree = "<group>"; };
		CE2F7BA921A18FFC00D2FBDA /* Base */ = {isa = PBXFileReference; lastKnownFileType = file.storyboard; name = Base; path = Base.lproj/Main.storyboard; sourceTree = "<group>"; };
/* End PBXFileReference section */

/* Begin PBXFrameworksBuildPhase section */
		7C440CE521887CC500948D09 /* Frameworks */ = {
			isa = PBXFrameworksBuildPhase;
			buildActionMask = 2147483647;
			files = (
			);
			runOnlyForDeploymentPostprocessing = 0;
		};
/* End PBXFrameworksBuildPhase section */

/* Begin PBXGroup section */
		7C440CDF21887CC500948D09 = {
			isa = PBXGroup;
			children = (
				7C440CEA21887CC500948D09 /* PersistancePart1Lesson */,
				7C440CE921887CC500948D09 /* Products */,
			);
			sourceTree = "<group>";
		};
		7C440CE921887CC500948D09 /* Products */ = {
			isa = PBXGroup;
			children = (
				7C440CE821887CC500948D09 /* PersistancePart1Lesson.app */,
			);
			name = Products;
			sourceTree = "<group>";
		};
		7C440CEA21887CC500948D09 /* PersistancePart1Lesson */ = {
			isa = PBXGroup;
			children = (
				CE2F7BA821A18FFC00D2FBDA /* Main.storyboard */,
				CE2F7B9521A18F6500D2FBDA /* AppDelegate.swift */,
				CE2F7B9321A18F6500D2FBDA /* Assets.xcassets */,
				CE2F7B9A21A18F6500D2FBDA /* Base.lproj */,
				CE2F7B9421A18F6500D2FBDA /* CustomTableViewCell.swift */,
				CE2F7B9821A18F6500D2FBDA /* DataManager.swift */,
				CE2F7B9921A18F6500D2FBDA /* DataProtocol.swift */,
				CE2F7B9B21A18F6500D2FBDA /* Info.plist */,
				CE2F7B9121A18F6500D2FBDA /* MainViewController.swift */,
				CE2F7B9621A18F6500D2FBDA /* Post.swift */,
				CE2F7B9221A18F6500D2FBDA /* PostViewController.swift */,
				CE2F7B9721A18F6500D2FBDA /* ShareViewController.swift */,
				CE2F7B9021A18F6400D2FBDA /* PersistancePart1Lesson-Bridging-Header.h */,
			);
			path = PersistancePart1Lesson;
			sourceTree = "<group>";
		};
/* End PBXGroup section */

/* Begin PBXNativeTarget section */
		7C440CE721887CC500948D09 /* PersistancePart1Lesson */ = {
			isa = PBXNativeTarget;
			buildConfigurationList = 7C440CFA21887CC600948D09 /* Build configuration list for PBXNativeTarget "PersistancePart1Lesson" */;
			buildPhases = (
				7C440CE421887CC500948D09 /* Sources */,
				7C440CE521887CC500948D09 /* Frameworks */,
				7C440CE621887CC500948D09 /* Resources */,
			);
			buildRules = (
			);
			dependencies = (
			);
			name = PersistancePart1Lesson;
			productName = PersistancePart1Lesson;
			productReference = 7C440CE821887CC500948D09 /* PersistancePart1Lesson.app */;
			productType = "com.apple.product-type.application";
		};
/* End PBXNativeTarget section */

/* Begin PBXProject section */
		7C440CE021887CC500948D09 /* Project object */ = {
			isa = PBXProject;
			attributes = {
				LastSwiftUpdateCheck = 1000;
				LastUpgradeCheck = 1000;
				ORGANIZATIONNAME = "Ильдар Залялов";
				TargetAttributes = {
					7C440CE721887CC500948D09 = {
						CreatedOnToolsVersion = 10.0;
						LastSwiftMigration = 0940;
					};
				};
			};
			buildConfigurationList = 7C440CE321887CC500948D09 /* Build configuration list for PBXProject "PersistancePart1Lesson" */;
			compatibilityVersion = "Xcode 9.3";
			developmentRegion = en;
			hasScannedForEncodings = 0;
			knownRegions = (
				en,
				Base,
			);
			mainGroup = 7C440CDF21887CC500948D09;
			productRefGroup = 7C440CE921887CC500948D09 /* Products */;
			projectDirPath = "";
			projectRoot = "";
			targets = (
				7C440CE721887CC500948D09 /* PersistancePart1Lesson */,
			);
		};
/* End PBXProject section */

/* Begin PBXResourcesBuildPhase section */
		7C440CE621887CC500948D09 /* Resources */ = {
			isa = PBXResourcesBuildPhase;
			buildActionMask = 2147483647;
			files = (
				CE2F7BA521A18F6500D2FBDA /* Base.lproj in Resources */,
				CE2F7B9E21A18F6500D2FBDA /* Assets.xcassets in Resources */,
				CE2F7BA621A18F6500D2FBDA /* Info.plist in Resources */,
				CE2F7BAA21A18FFC00D2FBDA /* Main.storyboard in Resources */,
			);
			runOnlyForDeploymentPostprocessing = 0;
		};
/* End PBXResourcesBuildPhase section */

/* Begin PBXSourcesBuildPhase section */
		7C440CE421887CC500948D09 /* Sources */ = {
			isa = PBXSourcesBuildPhase;
			buildActionMask = 2147483647;
			files = (
				CE2F7BA221A18F6500D2FBDA /* ShareViewController.swift in Sources */,
				CE2F7BA421A18F6500D2FBDA /* DataProtocol.swift in Sources */,
				CE2F7BA021A18F6500D2FBDA /* AppDelegate.swift in Sources */,
				CE2F7BA121A18F6500D2FBDA /* Post.swift in Sources */,
				CE2F7BA321A18F6500D2FBDA /* DataManager.swift in Sources */,
				CE2F7B9F21A18F6500D2FBDA /* CustomTableViewCell.swift in Sources */,
				CE2F7B9D21A18F6500D2FBDA /* PostViewController.swift in Sources */,
				CE2F7B9C21A18F6500D2FBDA /* MainViewController.swift in Sources */,
			);
			runOnlyForDeploymentPostprocessing = 0;
		};
/* End PBXSourcesBuildPhase section */

/* Begin PBXVariantGroup section */
		CE2F7BA821A18FFC00D2FBDA /* Main.storyboard */ = {
			isa = PBXVariantGroup;
			children = (
				CE2F7BA921A18FFC00D2FBDA /* Base */,
			);
			name = Main.storyboard;
			sourceTree = "<group>";
		};
/* End PBXVariantGroup section */

/* Begin XCBuildConfiguration section */
		7C440CF821887CC600948D09 /* Debug */ = {
			isa = XCBuildConfiguration;
			buildSettings = {
				ALWAYS_SEARCH_USER_PATHS = NO;
				CLANG_ANALYZER_NONNULL = YES;
				CLANG_ANALYZER_NUMBER_OBJECT_CONVERSION = YES_AGGRESSIVE;
				CLANG_CXX_LANGUAGE_STANDARD = "gnu++14";
				CLANG_CXX_LIBRARY = "libc++";
				CLANG_ENABLE_MODULES = YES;
				CLANG_ENABLE_OBJC_ARC = YES;
				CLANG_ENABLE_OBJC_WEAK = YES;
				CLANG_WARN_BLOCK_CAPTURE_AUTORELEASING = YES;
				CLANG_WARN_BOOL_CONVERSION = YES;
				CLANG_WARN_COMMA = YES;
				CLANG_WARN_CONSTANT_CONVERSION = YES;
				CLANG_WARN_DEPRECATED_OBJC_IMPLEMENTATIONS = YES;
				CLANG_WARN_DIRECT_OBJC_ISA_USAGE = YES_ERROR;
				CLANG_WARN_DOCUMENTATION_COMMENTS = YES;
				CLANG_WARN_EMPTY_BODY = YES;
				CLANG_WARN_ENUM_CONVERSION = YES;
				CLANG_WARN_INFINITE_RECURSION = YES;
				CLANG_WARN_INT_CONVERSION = YES;
				CLANG_WARN_NON_LITERAL_NULL_CONVERSION = YES;
				CLANG_WARN_OBJC_IMPLICIT_RETAIN_SELF = YES;
				CLANG_WARN_OBJC_LITERAL_CONVERSION = YES;
				CLANG_WARN_OBJC_ROOT_CLASS = YES_ERROR;
				CLANG_WARN_RANGE_LOOP_ANALYSIS = YES;
				CLANG_WARN_STRICT_PROTOTYPES = YES;
				CLANG_WARN_SUSPICIOUS_MOVE = YES;
				CLANG_WARN_UNGUARDED_AVAILABILITY = YES_AGGRESSIVE;
				CLANG_WARN_UNREACHABLE_CODE = YES;
				CLANG_WARN__DUPLICATE_METHOD_MATCH = YES;
				CODE_SIGN_IDENTITY = "iPhone Developer";
				COPY_PHASE_STRIP = NO;
				DEBUG_INFORMATION_FORMAT = dwarf;
				ENABLE_STRICT_OBJC_MSGSEND = YES;
				ENABLE_TESTABILITY = YES;
				GCC_C_LANGUAGE_STANDARD = gnu11;
				GCC_DYNAMIC_NO_PIC = NO;
				GCC_NO_COMMON_BLOCKS = YES;
				GCC_OPTIMIZATION_LEVEL = 0;
				GCC_PREPROCESSOR_DEFINITIONS = (
					"DEBUG=1",
					"$(inherited)",
				);
				GCC_WARN_64_TO_32_BIT_CONVERSION = YES;
				GCC_WARN_ABOUT_RETURN_TYPE = YES_ERROR;
				GCC_WARN_UNDECLARED_SELECTOR = YES;
				GCC_WARN_UNINITIALIZED_AUTOS = YES_AGGRESSIVE;
				GCC_WARN_UNUSED_FUNCTION = YES;
				GCC_WARN_UNUSED_VARIABLE = YES;
				IPHONEOS_DEPLOYMENT_TARGET = 12.0;
				MTL_ENABLE_DEBUG_INFO = INCLUDE_SOURCE;
				MTL_FAST_MATH = YES;
				ONLY_ACTIVE_ARCH = YES;
				SDKROOT = iphoneos;
				SWIFT_ACTIVE_COMPILATION_CONDITIONS = DEBUG;
				SWIFT_OPTIMIZATION_LEVEL = "-Onone";
			};
			name = Debug;
		};
		7C440CF921887CC600948D09 /* Release */ = {
			isa = XCBuildConfiguration;
			buildSettings = {
				ALWAYS_SEARCH_USER_PATHS = NO;
				CLANG_ANALYZER_NONNULL = YES;
				CLANG_ANALYZER_NUMBER_OBJECT_CONVERSION = YES_AGGRESSIVE;
				CLANG_CXX_LANGUAGE_STANDARD = "gnu++14";
				CLANG_CXX_LIBRARY = "libc++";
				CLANG_ENABLE_MODULES = YES;
				CLANG_ENABLE_OBJC_ARC = YES;
				CLANG_ENABLE_OBJC_WEAK = YES;
				CLANG_WARN_BLOCK_CAPTURE_AUTORELEASING = YES;
				CLANG_WARN_BOOL_CONVERSION = YES;
				CLANG_WARN_COMMA = YES;
				CLANG_WARN_CONSTANT_CONVERSION = YES;
				CLANG_WARN_DEPRECATED_OBJC_IMPLEMENTATIONS = YES;
				CLANG_WARN_DIRECT_OBJC_ISA_USAGE = YES_ERROR;
				CLANG_WARN_DOCUMENTATION_COMMENTS = YES;
				CLANG_WARN_EMPTY_BODY = YES;
				CLANG_WARN_ENUM_CONVERSION = YES;
				CLANG_WARN_INFINITE_RECURSION = YES;
				CLANG_WARN_INT_CONVERSION = YES;
				CLANG_WARN_NON_LITERAL_NULL_CONVERSION = YES;
				CLANG_WARN_OBJC_IMPLICIT_RETAIN_SELF = YES;
				CLANG_WARN_OBJC_LITERAL_CONVERSION = YES;
				CLANG_WARN_OBJC_ROOT_CLASS = YES_ERROR;
				CLANG_WARN_RANGE_LOOP_ANALYSIS = YES;
				CLANG_WARN_STRICT_PROTOTYPES = YES;
				CLANG_WARN_SUSPICIOUS_MOVE = YES;
				CLANG_WARN_UNGUARDED_AVAILABILITY = YES_AGGRESSIVE;
				CLANG_WARN_UNREACHABLE_CODE = YES;
				CLANG_WARN__DUPLICATE_METHOD_MATCH = YES;
				CODE_SIGN_IDENTITY = "iPhone Developer";
				COPY_PHASE_STRIP = NO;
				DEBUG_INFORMATION_FORMAT = "dwarf-with-dsym";
				ENABLE_NS_ASSERTIONS = NO;
				ENABLE_STRICT_OBJC_MSGSEND = YES;
				GCC_C_LANGUAGE_STANDARD = gnu11;
				GCC_NO_COMMON_BLOCKS = YES;
				GCC_WARN_64_TO_32_BIT_CONVERSION = YES;
				GCC_WARN_ABOUT_RETURN_TYPE = YES_ERROR;
				GCC_WARN_UNDECLARED_SELECTOR = YES;
				GCC_WARN_UNINITIALIZED_AUTOS = YES_AGGRESSIVE;
				GCC_WARN_UNUSED_FUNCTION = YES;
				GCC_WARN_UNUSED_VARIABLE = YES;
				IPHONEOS_DEPLOYMENT_TARGET = 12.0;
				MTL_ENABLE_DEBUG_INFO = NO;
				MTL_FAST_MATH = YES;
				SDKROOT = iphoneos;
				SWIFT_COMPILATION_MODE = wholemodule;
				SWIFT_OPTIMIZATION_LEVEL = "-O";
				VALIDATE_PRODUCT = YES;
			};
			name = Release;
		};
		7C440CFB21887CC600948D09 /* Debug */ = {
			isa = XCBuildConfiguration;
			buildSettings = {
				ASSETCATALOG_COMPILER_APPICON_NAME = AppIcon;
				CLANG_ENABLE_MODULES = YES;
				CODE_SIGN_STYLE = Automatic;
				DEVELOPMENT_TEAM = 7Y74M59BAG;
				INFOPLIST_FILE = PersistancePart1Lesson/Info.plist;
				IPHONEOS_DEPLOYMENT_TARGET = 11.4;
				LD_RUNPATH_SEARCH_PATHS = (
					"$(inherited)",
					"@executable_path/Frameworks",
				);
				PRODUCT_BUNDLE_IDENTIFIER = projectCourse.PersistancePart1Lesson;
				PRODUCT_NAME = "$(TARGET_NAME)";
				SWIFT_OBJC_BRIDGING_HEADER = "PersistancePart1Lesson/PersistancePart1Lesson-Bridging-Header.h";
				SWIFT_OPTIMIZATION_LEVEL = "-Onone";
				SWIFT_VERSION = 4.2;
				TARGETED_DEVICE_FAMILY = "1,2";
			};
			name = Debug;
		};
		7C440CFC21887CC600948D09 /* Release */ = {
			isa = XCBuildConfiguration;
			buildSettings = {
				ASSETCATALOG_COMPILER_APPICON_NAME = AppIcon;
				CLANG_ENABLE_MODULES = YES;
				CODE_SIGN_STYLE = Automatic;
				DEVELOPMENT_TEAM = 7Y74M59BAG;
				INFOPLIST_FILE = PersistancePart1Lesson/Info.plist;
				IPHONEOS_DEPLOYMENT_TARGET = 11.4;
				LD_RUNPATH_SEARCH_PATHS = (
					"$(inherited)",
					"@executable_path/Frameworks",
				);
				PRODUCT_BUNDLE_IDENTIFIER = projectCourse.PersistancePart1Lesson;
				PRODUCT_NAME = "$(TARGET_NAME)";
				SWIFT_OBJC_BRIDGING_HEADER = "PersistancePart1Lesson/PersistancePart1Lesson-Bridging-Header.h";
				SWIFT_VERSION = 4.2;
				TARGETED_DEVICE_FAMILY = "1,2";
			};
			name = Release;
		};
/* End XCBuildConfiguration section */

/* Begin XCConfigurationList section */
		7C440CE321887CC500948D09 /* Build configuration list for PBXProject "PersistancePart1Lesson" */ = {
			isa = XCConfigurationList;
			buildConfigurations = (
				7C440CF821887CC600948D09 /* Debug */,
				7C440CF921887CC600948D09 /* Release */,
			);
			defaultConfigurationIsVisible = 0;
			defaultConfigurationName = Release;
		};
		7C440CFA21887CC600948D09 /* Build configuration list for PBXNativeTarget "PersistancePart1Lesson" */ = {
			isa = XCConfigurationList;
			buildConfigurations = (
				7C440CFB21887CC600948D09 /* Debug */,
				7C440CFC21887CC600948D09 /* Release */,
			);
			defaultConfigurationIsVisible = 0;
			defaultConfigurationName = Release;
		};
/* End XCConfigurationList section */
	};
	rootObject = 7C440CE021887CC500948D09 /* Project object */;
}
